{
  "name": "cfunc-example",
  "version": "0.1.0",
  "lockfileVersion": 3,
  "requires": true,
  "packages": {
    "": {
      "name": "cfunc-example",
      "version": "0.1.0",
      "dependencies": {
        "cfunc": "file:../../../sdks/node/cfunc"
      }
    },
    "../../../sdks/node/cfunc": {
      "version": "0.1.0",
      "engines": {
        "node": ">=18"
      }
    },
    "node_modules/cfunc": {
      "resolved": "../../../sdks/node/cfunc",
      "link": true
    }
  }
}
